
Microsoft Visual Studio Solution File, Format Version 12.00
# Visual Studio Version 17
VisualStudioVersion = 17.6.33801.468
MinimumVisualStudioVersion = 10.0.40219.1
Project("{FAE04EC0-301F-11D3-BF4B-00C04F79EFBC}") = "Servicio", "Servicio\Servicio.csproj", "{FAAD9381-15E5-45AF-BA3C-87A859723F9D}"
EndProject
Project("{FAE04EC0-301F-11D3-BF4B-00C04F79EFBC}") = "WebAplication1", "WebApplication1\WebAplication1.csproj", "{93EAC07C-77B3-4611-927E-4D12B9741EC4}"
	ProjectSection(ProjectDependencies) = postProject
		{FAAD9381-15E5-45AF-BA3C-87A859723F9D} = {FAAD9381-15E5-45AF-BA3C-87A859723F9D}
	EndProjectSection
EndProject
Project("{FAE04EC0-301F-11D3-BF4B-00C04F79EFBC}") = "Base_datos", "Base_datos\Base_datos.csproj", "{F5D51A8D-FC64-4139-B1A1-D1E10B9E6320}"
EndProject
Project("{FAE04EC0-301F-11D3-BF4B-00C04F79EFBC}") = "Form", "Form\Form.csproj", "{A609FC30-E777-4E31-B1AA-A088E8E323CC}"
	ProjectSection(ProjectDependencies) = postProject
		{FAAD9381-15E5-45AF-BA3C-87A859723F9D} = {FAAD9381-15E5-45AF-BA3C-87A859723F9D}
	EndProjectSection
EndProject
Global
	GlobalSection(SolutionConfigurationPlatforms) = preSolution
		Debug|Any CPU = Debug|Any CPU
		Release|Any CPU = Release|Any CPU
	EndGlobalSection
	GlobalSection(ProjectConfigurationPlatforms) = postSolution
		{FAAD9381-15E5-45AF-BA3C-87A859723F9D}.Debug|Any CPU.ActiveCfg = Debug|Any CPU
		{FAAD9381-15E5-45AF-BA3C-87A859723F9D}.Debug|Any CPU.Build.0 = Debug|Any CPU
		{FAAD9381-15E5-45AF-BA3C-87A859723F9D}.Release|Any CPU.ActiveCfg = Release|Any CPU
		{FAAD9381-15E5-45AF-BA3C-87A859723F9D}.Release|Any CPU.Build.0 = Release|Any CPU
		{93EAC07C-77B3-4611-927E-4D12B9741EC4}.Debug|Any CPU.ActiveCfg = Debug|Any CPU
		{93EAC07C-77B3-4611-927E-4D12B9741EC4}.Debug|Any CPU.Build.0 = Debug|Any CPU
		{93EAC07C-77B3-4611-927E-4D12B9741EC4}.Release|Any CPU.ActiveCfg = Release|Any CPU
		{93EAC07C-77B3-4611-927E-4D12B9741EC4}.Release|Any CPU.Build.0 = Release|Any CPU
		{F5D51A8D-FC64-4139-B1A1-D1E10B9E6320}.Debug|Any CPU.ActiveCfg = Debug|Any CPU
		{F5D51A8D-FC64-4139-B1A1-D1E10B9E6320}.Debug|Any CPU.Build.0 = Debug|Any CPU
		{F5D51A8D-FC64-4139-B1A1-D1E10B9E6320}.Release|Any CPU.ActiveCfg = Release|Any CPU
		{F5D51A8D-FC64-4139-B1A1-D1E10B9E6320}.Release|Any CPU.Build.0 = Release|Any CPU
		{A609FC30-E777-4E31-B1AA-A088E8E323CC}.Debug|Any CPU.ActiveCfg = Debug|Any CPU
		{A609FC30-E777-4E31-B1AA-A088E8E323CC}.Debug|Any CPU.Build.0 = Debug|Any CPU
		{A609FC30-E777-4E31-B1AA-A088E8E323CC}.Release|Any CPU.ActiveCfg = Release|Any CPU
		{A609FC30-E777-4E31-B1AA-A088E8E323CC}.Release|Any CPU.Build.0 = Release|Any CPU
	EndGlobalSection
	GlobalSection(SolutionProperties) = preSolution
		HideSolutionNode = FALSE
	EndGlobalSection
	GlobalSection(ExtensibilityGlobals) = postSolution
		SolutionGuid = {86EF72C4-0C4D-490C-85EE-2AC7A6EF8EFC}
	EndGlobalSection
EndGlobal
